
Microsoft Visual Studio Solution File, Format Version 12.00
# Visual Studio Version 16
VisualStudioVersion = 16.0.30804.86
MinimumVisualStudioVersion = 15.0.26124.0
Project("{9A19103F-16F7-4668-BE54-9A1E7A4F7556}") = "Tsa.IdentityServer.Web", "Tsa.IdentityServer.Web\Tsa.IdentityServer.Web.csproj", "{11188253-81F8-4A2B-826B-F6241FF72177}"
EndProject
Global
	GlobalSection(SolutionConfigurationPlatforms) = preSolution
		Debug|Any CPU = Debug|Any CPU
		Debug|x64 = Debug|x64
		Debug|x86 = Debug|x86
		Release|Any CPU = Release|Any CPU
		Release|x64 = Release|x64
		Release|x86 = Release|x86
	EndGlobalSection
	GlobalSection(ProjectConfigurationPlatforms) = postSolution
		{11188253-81F8-4A2B-826B-F6241FF72177}.Debug|Any CPU.ActiveCfg = Debug|Any CPU
		{11188253-81F8-4A2B-826B-F6241FF72177}.Debug|Any CPU.Build.0 = Debug|Any CPU
		{11188253-81F8-4A2B-826B-F6241FF72177}.Debug|x64.ActiveCfg = Debug|Any CPU
		{11188253-81F8-4A2B-826B-F6241FF72177}.Debug|x64.Build.0 = Debug|Any CPU
		{11188253-81F8-4A2B-826B-F6241FF72177}.Debug|x86.ActiveCfg = Debug|Any CPU
		{11188253-81F8-4A2B-826B-F6241FF72177}.Debug|x86.Build.0 = Debug|Any CPU
		{11188253-81F8-4A2B-826B-F6241FF72177}.Release|Any CPU.ActiveCfg = Release|Any CPU
		{11188253-81F8-4A2B-826B-F6241FF72177}.Release|Any CPU.Build.0 = Release|Any CPU
		{11188253-81F8-4A2B-826B-F6241FF72177}.Release|x64.ActiveCfg = Release|Any CPU
		{11188253-81F8-4A2B-826B-F6241FF72177}.Release|x64.Build.0 = Release|Any CPU
		{11188253-81F8-4A2B-826B-F6241FF72177}.Release|x86.ActiveCfg = Release|Any CPU
		{11188253-81F8-4A2B-826B-F6241FF72177}.Release|x86.Build.0 = Release|Any CPU
	EndGlobalSection
	GlobalSection(SolutionProperties) = preSolution
		HideSolutionNode = FALSE
	EndGlobalSection
	GlobalSection(ExtensibilityGlobals) = postSolution
		SolutionGuid = {3CDE4818-27A9-43CE-B757-F5577BF944A2}
	EndGlobalSection
EndGlobal
